
Microsoft Visual Studio Solution File, Format Version 12.00
# Visual Studio Version 16
VisualStudioVersion = 16.0.31727.386
MinimumVisualStudioVersion = 10.0.40219.1
Project("{888888A0-9F3D-457C-B088-3A5042F75D52}") = "Distribution", "Distribution\Distribution.pyproj", "{C185BF69-433F-4B48-B3C6-E19A9A92A5B8}"
EndProject
Global
	GlobalSection(SolutionConfigurationPlatforms) = preSolution
		Debug|Any CPU = Debug|Any CPU
		Release|Any CPU = Release|Any CPU
	EndGlobalSection
	GlobalSection(ProjectConfigurationPlatforms) = postSolution
		{C185BF69-433F-4B48-B3C6-E19A9A92A5B8}.Debug|Any CPU.ActiveCfg = Debug|Any CPU
		{C185BF69-433F-4B48-B3C6-E19A9A92A5B8}.Release|Any CPU.ActiveCfg = Release|Any CPU
	EndGlobalSection
	GlobalSection(SolutionProperties) = preSolution
		HideSolutionNode = FALSE
	EndGlobalSection
	GlobalSection(ExtensibilityGlobals) = postSolution
		SolutionGuid = {9D4F9545-611E-4125-A116-5026920AF70C}
	EndGlobalSection
EndGlobal
